// !$*UTF8*$!
{
	archiveVersion = 1;
	classes = {
	};
	objectVersion = 56;
	objects = {

/* Begin PBXBuildFile section */
		F51192E72B91D7B200F8C7E3 /* OMGBlitzApp.swift in Sources */ = {isa = PBXBuildFile; fileRef = F51192E62B91D7B200F8C7E3 /* OMGBlitzApp.swift */; };
		F51192EB2B91D7B400F8C7E3 /* Assets.xcassets in Resources */ = {isa = PBXBuildFile; fileRef = F51192EA2B91D7B400F8C7E3 /* Assets.xcassets */; };
		F51192EE2B91D7B400F8C7E3 /* Preview Assets.xcassets in Resources */ = {isa = PBXBuildFile; fileRef = F51192ED2B91D7B400F8C7E3 /* Preview Assets.xcassets */; };
		F51192F82B91D80A00F8C7E3 /* Content.swift in Sources */ = {isa = PBXBuildFile; fileRef = F51192F72B91D80A00F8C7E3 /* Content.swift */; };
		F51192FA2B91DAAE00F8C7E3 /* NumberGesture.swift in Sources */ = {isa = PBXBuildFile; fileRef = F51192F92B91DAAE00F8C7E3 /* NumberGesture.swift */; };
		F51192FC2B91DEAF00F8C7E3 /* HScrollView.swift in Sources */ = {isa = PBXBuildFile; fileRef = F51192FB2B91DEAF00F8C7E3 /* HScrollView.swift */; };
		F51192FF2B91E31E00F8C7E3 /* Store.swift in Sources */ = {isa = PBXBuildFile; fileRef = F51192FE2B91E31E00F8C7E3 /* Store.swift */; };
/* End PBXBuildFile section */

/* Begin PBXFileReference section */
		F51192E32B91D7B200F8C7E3 /* OMGBlitz.app */ = {isa = PBXFileReference; explicitFileType = wrapper.application; includeInIndex = 0; path = OMGBlitz.app; sourceTree = BUILT_PRODUCTS_DIR; };
		F51192E62B91D7B200F8C7E3 /* OMGBlitzApp.swift */ = {isa = PBXFileReference; lastKnownFileType = sourcecode.swift; path = OMGBlitzApp.swift; sourceTree = "<group>"; };
		F51192EA2B91D7B400F8C7E3 /* Assets.xcassets */ = {isa = PBXFileReference; lastKnownFileType = folder.assetcatalog; path = Assets.xcassets; sourceTree = "<group>"; };
		F51192ED2B91D7B400F8C7E3 /* Preview Assets.xcassets */ = {isa = PBXFileReference; lastKnownFileType = folder.assetcatalog; path = "Preview Assets.xcassets"; sourceTree = "<group>"; };
		F51192F72B91D80A00F8C7E3 /* Content.swift */ = {isa = PBXFileReference; lastKnownFileType = sourcecode.swift; path = Content.swift; sourceTree = "<group>"; };
		F51192F92B91DAAE00F8C7E3 /* NumberGesture.swift */ = {isa = PBXFileReference; lastKnownFileType = sourcecode.swift; path = NumberGesture.swift; sourceTree = "<group>"; };
		F51192FB2B91DEAF00F8C7E3 /* HScrollView.swift */ = {isa = PBXFileReference; lastKnownFileType = sourcecode.swift; path = HScrollView.swift; sourceTree = "<group>"; };
		F51192FE2B91E31E00F8C7E3 /* Store.swift */ = {isa = PBXFileReference; lastKnownFileType = sourcecode.swift; path = Store.swift; sourceTree = "<group>"; };
/* End PBXFileReference section */

/* Begin PBXFrameworksBuildPhase section */
		F51192E02B91D7B200F8C7E3 /* Frameworks */ = {
			isa = PBXFrameworksBuildPhase;
			buildActionMask = 2147483647;
			files = (
			);
			runOnlyForDeploymentPostprocessing = 0;
		};
/* End PBXFrameworksBuildPhase section */

/* Begin PBXGroup section */
		F51192DA2B91D7B200F8C7E3 = {
			isa = PBXGroup;
			children = (
				F51192F42B91D7C700F8C7E3 /* App */,
				F51192F62B91D7ED00F8C7E3 /* Assets */,
				F51192F52B91D7E400F8C7E3 /* View */,
				F51192FD2B91E30800F8C7E3 /* Model */,
				F51192E42B91D7B200F8C7E3 /* Products */,
			);
			sourceTree = "<group>";
		};
		F51192E42B91D7B200F8C7E3 /* Products */ = {
			isa = PBXGroup;
			children = (
				F51192E32B91D7B200F8C7E3 /* OMGBlitz.app */,
			);
			name = Products;
			sourceTree = "<group>";
		};
		F51192EC2B91D7B400F8C7E3 /* Preview Content */ = {
			isa = PBXGroup;
			children = (
				F51192ED2B91D7B400F8C7E3 /* Preview Assets.xcassets */,
			);
			path = "Preview Content";
			sourceTree = "<group>";
		};
		F51192F42B91D7C700F8C7E3 /* App */ = {
			isa = PBXGroup;
			children = (
				F51192E62B91D7B200F8C7E3 /* OMGBlitzApp.swift */,
			);
			path = App;
			sourceTree = "<group>";
		};
		F51192F52B91D7E400F8C7E3 /* View */ = {
			isa = PBXGroup;
			children = (
				F51192F72B91D80A00F8C7E3 /* Content.swift */,
				F51192FB2B91DEAF00F8C7E3 /* HScrollView.swift */,
				F51192F92B91DAAE00F8C7E3 /* NumberGesture.swift */,
			);
			path = View;
			sourceTree = "<group>";
		};
		F51192F62B91D7ED00F8C7E3 /* Assets */ = {
			isa = PBXGroup;
			children = (
				F51192EA2B91D7B400F8C7E3 /* Assets.xcassets */,
				F51192EC2B91D7B400F8C7E3 /* Preview Content */,
			);
			path = Assets;
			sourceTree = "<group>";
		};
		F51192FD2B91E30800F8C7E3 /* Model */ = {
			isa = PBXGroup;
			children = (
				F51192FE2B91E31E00F8C7E3 /* Store.swift */,
			);
			path = Model;
			sourceTree = "<group>";
		};
/* End PBXGroup section */

/* Begin PBXNativeTarget section */
		F51192E22B91D7B200F8C7E3 /* OMGBlitz */ = {
			isa = PBXNativeTarget;
			buildConfigurationList = F51192F12B91D7B400F8C7E3 /* Build configuration list for PBXNativeTarget "OMGBlitz" */;
			buildPhases = (
				F51192DF2B91D7B200F8C7E3 /* Sources */,
				F51192E02B91D7B200F8C7E3 /* Frameworks */,
				F51192E12B91D7B200F8C7E3 /* Resources */,
			);
			buildRules = (
			);
			dependencies = (
			);
			name = OMGBlitz;
			productName = OMGBlitz;
			productReference = F51192E32B91D7B200F8C7E3 /* OMGBlitz.app */;
			productType = "com.apple.product-type.application";
		};
/* End PBXNativeTarget section */

/* Begin PBXProject section */
		F51192DB2B91D7B200F8C7E3 /* Project object */ = {
			isa = PBXProject;
			attributes = {
				BuildIndependentTargetsInParallel = 1;
				LastSwiftUpdateCheck = 1520;
				LastUpgradeCheck = 1520;
				TargetAttributes = {
					F51192E22B91D7B200F8C7E3 = {
						CreatedOnToolsVersion = 15.2;
					};
				};
			};
			buildConfigurationList = F51192DE2B91D7B200F8C7E3 /* Build configuration list for PBXProject "OMGBlitz" */;
			compatibilityVersion = "Xcode 14.0";
			developmentRegion = en;
			hasScannedForEncodings = 0;
			knownRegions = (
				en,
				Base,
			);
			mainGroup = F51192DA2B91D7B200F8C7E3;
			productRefGroup = F51192E42B91D7B200F8C7E3 /* Products */;
			projectDirPath = "";
			projectRoot = "";
			targets = (
				F51192E22B91D7B200F8C7E3 /* OMGBlitz */,
			);
		};
/* End PBXProject section */

/* Begin PBXResourcesBuildPhase section */
		F51192E12B91D7B200F8C7E3 /* Resources */ = {
			isa = PBXResourcesBuildPhase;
			buildActionMask = 2147483647;
			files = (
				F51192EE2B91D7B400F8C7E3 /* Preview Assets.xcassets in Resources */,
				F51192EB2B91D7B400F8C7E3 /* Assets.xcassets in Resources */,
			);
			runOnlyForDeploymentPostprocessing = 0;
		};
/* End PBXResourcesBuildPhase section */

/* Begin PBXSourcesBuildPhase section */
		F51192DF2B91D7B200F8C7E3 /* Sources */ = {
			isa = PBXSourcesBuildPhase;
			buildActionMask = 2147483647;
			files = (
				F51192FF2B91E31E00F8C7E3 /* Store.swift in Sources */,
				F51192F82B91D80A00F8C7E3 /* Content.swift in Sources */,
				F51192E72B91D7B200F8C7E3 /* OMGBlitzApp.swift in Sources */,
				F51192FC2B91DEAF00F8C7E3 /* HScrollView.swift in Sources */,
				F51192FA2B91DAAE00F8C7E3 /* NumberGesture.swift in Sources */,
			);
			runOnlyForDeploymentPostprocessing = 0;
		};
/* End PBXSourcesBuildPhase section */

/* Begin XCBuildConfiguration section */
		F51192EF2B91D7B400F8C7E3 /* Debug */ = {
			isa = XCBuildConfiguration;
			buildSettings = {
				ALWAYS_SEARCH_USER_PATHS = NO;
				ASSETCATALOG_COMPILER_GENERATE_SWIFT_ASSET_SYMBOL_EXTENSIONS = YES;
				CLANG_ANALYZER_NONNULL = YES;
				CLANG_ANALYZER_NUMBER_OBJECT_CONVERSION = YES_AGGRESSIVE;
				CLANG_CXX_LANGUAGE_STANDARD = "gnu++20";
				CLANG_ENABLE_MODULES = YES;
				CLANG_ENABLE_OBJC_ARC = YES;
				CLANG_ENABLE_OBJC_WEAK = YES;
				CLANG_WARN_BLOCK_CAPTURE_AUTORELEASING = YES;
				CLANG_WARN_BOOL_CONVERSION = YES;
				CLANG_WARN_COMMA = YES;
				CLANG_WARN_CONSTANT_CONVERSION = YES;
				CLANG_WARN_DEPRECATED_OBJC_IMPLEMENTATIONS = YES;
				CLANG_WARN_DIRECT_OBJC_ISA_USAGE = YES_ERROR;
				CLANG_WARN_DOCUMENTATION_COMMENTS = YES;
				CLANG_WARN_EMPTY_BODY = YES;
				CLANG_WARN_ENUM_CONVERSION = YES;
				CLANG_WARN_INFINITE_RECURSION = YES;
				CLANG_WARN_INT_CONVERSION = YES;
				CLANG_WARN_NON_LITERAL_NULL_CONVERSION = YES;
				CLANG_WARN_OBJC_IMPLICIT_RETAIN_SELF = YES;
				CLANG_WARN_OBJC_LITERAL_CONVERSION = YES;
				CLANG_WARN_OBJC_ROOT_CLASS = YES_ERROR;
				CLANG_WARN_QUOTED_INCLUDE_IN_FRAMEWORK_HEADER = YES;
				CLANG_WARN_RANGE_LOOP_ANALYSIS = YES;
				CLANG_WARN_STRICT_PROTOTYPES = YES;
				CLANG_WARN_SUSPICIOUS_MOVE = YES;
				CLANG_WARN_UNGUARDED_AVAILABILITY = YES_AGGRESSIVE;
				CLANG_WARN_UNREACHABLE_CODE = YES;
				CLANG_WARN__DUPLICATE_METHOD_MATCH = YES;
				COPY_PHASE_STRIP = NO;
				DEBUG_INFORMATION_FORMAT = dwarf;
				ENABLE_STRICT_OBJC_MSGSEND = YES;
				ENABLE_TESTABILITY = YES;
				ENABLE_USER_SCRIPT_SANDBOXING = YES;
				GCC_C_LANGUAGE_STANDARD = gnu17;
				GCC_DYNAMIC_NO_PIC = NO;
				GCC_NO_COMMON_BLOCKS = YES;
				GCC_OPTIMIZATION_LEVEL = 0;
				GCC_PREPROCESSOR_DEFINITIONS = (
					"DEBUG=1",
					"$(inherited)",
				);
				GCC_WARN_64_TO_32_BIT_CONVERSION = YES;
				GCC_WARN_ABOUT_RETURN_TYPE = YES_ERROR;
				GCC_WARN_UNDECLARED_SELECTOR = YES;
				GCC_WARN_UNINITIALIZED_AUTOS = YES_AGGRESSIVE;
				GCC_WARN_UNUSED_FUNCTION = YES;
				GCC_WARN_UNUSED_VARIABLE = YES;
				IPHONEOS_DEPLOYMENT_TARGET = 17.2;
				LOCALIZATION_PREFERS_STRING_CATALOGS = YES;
				MTL_ENABLE_DEBUG_INFO = INCLUDE_SOURCE;
				MTL_FAST_MATH = YES;
				ONLY_ACTIVE_ARCH = YES;
				SDKROOT = iphoneos;
				SWIFT_ACTIVE_COMPILATION_CONDITIONS = "DEBUG $(inherited)";
				SWIFT_OPTIMIZATION_LEVEL = "-Onone";
			};
			name = Debug;
		};
		F51192F02B91D7B400F8C7E3 /* Release */ = {
			isa = XCBuildConfiguration;
			buildSettings = {
				ALWAYS_SEARCH_USER_PATHS = NO;
				ASSETCATALOG_COMPILER_GENERATE_SWIFT_ASSET_SYMBOL_EXTENSIONS = YES;
				CLANG_ANALYZER_NONNULL = YES;
				CLANG_ANALYZER_NUMBER_OBJECT_CONVERSION = YES_AGGRESSIVE;
				CLANG_CXX_LANGUAGE_STANDARD = "gnu++20";
				CLANG_ENABLE_MODULES = YES;
				CLANG_ENABLE_OBJC_ARC = YES;
				CLANG_ENABLE_OBJC_WEAK = YES;
				CLANG_WARN_BLOCK_CAPTURE_AUTORELEASING = YES;
				CLANG_WARN_BOOL_CONVERSION = YES;
				CLANG_WARN_COMMA = YES;
				CLANG_WARN_CONSTANT_CONVERSION = YES;
				CLANG_WARN_DEPRECATED_OBJC_IMPLEMENTATIONS = YES;
				CLANG_WARN_DIRECT_OBJC_ISA_USAGE = YES_ERROR;
				CLANG_WARN_DOCUMENTATION_COMMENTS = YES;
				CLANG_WARN_EMPTY_BODY = YES;
				CLANG_WARN_ENUM_CONVERSION = YES;
				CLANG_WARN_INFINITE_RECURSION = YES;
				CLANG_WARN_INT_CONVERSION = YES;
				CLANG_WARN_NON_LITERAL_NULL_CONVERSION = YES;
				CLANG_WARN_OBJC_IMPLICIT_RETAIN_SELF = YES;
				CLANG_WARN_OBJC_LITERAL_CONVERSION = YES;
				CLANG_WARN_OBJC_ROOT_CLASS = YES_ERROR;
				CLANG_WARN_QUOTED_INCLUDE_IN_FRAMEWORK_HEADER = YES;
				CLANG_WARN_RANGE_LOOP_ANALYSIS = YES;
				CLANG_WARN_STRICT_PROTOTYPES = YES;
				CLANG_WARN_SUSPICIOUS_MOVE = YES;
				CLANG_WARN_UNGUARDED_AVAILABILITY = YES_AGGRESSIVE;
				CLANG_WARN_UNREACHABLE_CODE = YES;
				CLANG_WARN__DUPLICATE_METHOD_MATCH = YES;
				COPY_PHASE_STRIP = NO;
				DEBUG_INFORMATION_FORMAT = "dwarf-with-dsym";
				ENABLE_NS_ASSERTIONS = NO;
				ENABLE_STRICT_OBJC_MSGSEND = YES;
				ENABLE_USER_SCRIPT_SANDBOXING = YES;
				GCC_C_LANGUAGE_STANDARD = gnu17;
				GCC_NO_COMMON_BLOCKS = YES;
				GCC_WARN_64_TO_32_BIT_CONVERSION = YES;
				GCC_WARN_ABOUT_RETURN_TYPE = YES_ERROR;
				GCC_WARN_UNDECLARED_SELECTOR = YES;
				GCC_WARN_UNINITIALIZED_AUTOS = YES_AGGRESSIVE;
				GCC_WARN_UNUSED_FUNCTION = YES;
				GCC_WARN_UNUSED_VARIABLE = YES;
				IPHONEOS_DEPLOYMENT_TARGET = 17.2;
				LOCALIZATION_PREFERS_STRING_CATALOGS = YES;
				MTL_ENABLE_DEBUG_INFO = NO;
				MTL_FAST_MATH = YES;
				SDKROOT = iphoneos;
				SWIFT_COMPILATION_MODE = wholemodule;
				VALIDATE_PRODUCT = YES;
			};
			name = Release;
		};
		F51192F22B91D7B400F8C7E3 /* Debug */ = {
			isa = XCBuildConfiguration;
			buildSettings = {
				ASSETCATALOG_COMPILER_APPICON_NAME = AppIcon;
				ASSETCATALOG_COMPILER_GLOBAL_ACCENT_COLOR_NAME = AccentColor;
				CODE_SIGN_STYLE = Automatic;
				CURRENT_PROJECT_VERSION = 1;
				DEVELOPMENT_ASSET_PATHS = "\"Assets/Preview Content\"";
				DEVELOPMENT_TEAM = P4QT874QJK;
				ENABLE_PREVIEWS = YES;
				GENERATE_INFOPLIST_FILE = YES;
				INFOPLIST_KEY_UIApplicationSceneManifest_Generation = YES;
				INFOPLIST_KEY_UIApplicationSupportsIndirectInputEvents = YES;
				INFOPLIST_KEY_UILaunchScreen_Generation = YES;
				INFOPLIST_KEY_UISupportedInterfaceOrientations = UIInterfaceOrientationPortrait;
				IPHONEOS_DEPLOYMENT_TARGET = 17.0;
				LD_RUNPATH_SEARCH_PATHS = (
					"$(inherited)",
					"@executable_path/Frameworks",
				);
				MARKETING_VERSION = 1.0;
				PRODUCT_BUNDLE_IDENTIFIER = ru.vladLysenko.OMGBlitz;
				PRODUCT_NAME = "$(TARGET_NAME)";
				SUPPORTED_PLATFORMS = "iphoneos iphonesimulator";
				SUPPORTS_MACCATALYST = NO;
				SUPPORTS_MAC_DESIGNED_FOR_IPHONE_IPAD = NO;
				SUPPORTS_XR_DESIGNED_FOR_IPHONE_IPAD = NO;
				SWIFT_EMIT_LOC_STRINGS = YES;
				SWIFT_VERSION = 5.0;
				TARGETED_DEVICE_FAMILY = 1;
			};
			name = Debug;
		};
		F51192F32B91D7B400F8C7E3 /* Release */ = {
			isa = XCBuildConfiguration;
			buildSettings = {
				ASSETCATALOG_COMPILER_APPICON_NAME = AppIcon;
				ASSETCATALOG_COMPILER_GLOBAL_ACCENT_COLOR_NAME = AccentColor;
				CODE_SIGN_STYLE = Automatic;
				CURRENT_PROJECT_VERSION = 1;
				DEVELOPMENT_ASSET_PATHS = "\"Assets/Preview Content\"";
				DEVELOPMENT_TEAM = P4QT874QJK;
				ENABLE_PREVIEWS = YES;
				GENERATE_INFOPLIST_FILE = YES;
				INFOPLIST_KEY_UIApplicationSceneManifest_Generation = YES;
				INFOPLIST_KEY_UIApplicationSupportsIndirectInputEvents = YES;
				INFOPLIST_KEY_UILaunchScreen_Generation = YES;
				INFOPLIST_KEY_UISupportedInterfaceOrientations = UIInterfaceOrientationPortrait;
				IPHONEOS_DEPLOYMENT_TARGET = 17.0;
				LD_RUNPATH_SEARCH_PATHS = (
					"$(inherited)",
					"@executable_path/Frameworks",
				);
				MARKETING_VERSION = 1.0;
				PRODUCT_BUNDLE_IDENTIFIER = ru.vladLysenko.OMGBlitz;
				PRODUCT_NAME = "$(TARGET_NAME)";
				SUPPORTED_PLATFORMS = "iphoneos iphonesimulator";
				SUPPORTS_MACCATALYST = NO;
				SUPPORTS_MAC_DESIGNED_FOR_IPHONE_IPAD = NO;
				SUPPORTS_XR_DESIGNED_FOR_IPHONE_IPAD = NO;
				SWIFT_EMIT_LOC_STRINGS = YES;
				SWIFT_VERSION = 5.0;
				TARGETED_DEVICE_FAMILY = 1;
			};
			name = Release;
		};
/* End XCBuildConfiguration section */

/* Begin XCConfigurationList section */
		F51192DE2B91D7B200F8C7E3 /* Build configuration list for PBXProject "OMGBlitz" */ = {
			isa = XCConfigurationList;
			buildConfigurations = (
				F51192EF2B91D7B400F8C7E3 /* Debug */,
				F51192F02B91D7B400F8C7E3 /* Release */,
			);
			defaultConfigurationIsVisible = 0;
			defaultConfigurationName = Release;
		};
		F51192F12B91D7B400F8C7E3 /* Build configuration list for PBXNativeTarget "OMGBlitz" */ = {
			isa = XCConfigurationList;
			buildConfigurations = (
				F51192F22B91D7B400F8C7E3 /* Debug */,
				F51192F32B91D7B400F8C7E3 /* Release */,
			);
			defaultConfigurationIsVisible = 0;
			defaultConfigurationName = Release;
		};
/* End XCConfigurationList section */
	};
	rootObject = F51192DB2B91D7B200F8C7E3 /* Project object */;
}
